// !$*UTF8*$!
{
	archiveVersion = 1;
	classes = {
	};
	objectVersion = 48;
	objects = {

/* Begin PBXBuildFile section */
		A67A1FD120DF2FFE00A92915 /* main.c in Sources */ = {isa = PBXBuildFile; fileRef = A67A1FD020DF2FFE00A92915 /* main.c */; };
/* End PBXBuildFile section */

/* Begin PBXCopyFilesBuildPhase section */
		A67A1FCB20DF2FFE00A92915 /* CopyFiles */ = {
			isa = PBXCopyFilesBuildPhase;
			buildActionMask = 2147483647;
			dstPath = /usr/share/man/man1/;
			dstSubfolderSpec = 0;
			files = (
			);
			runOnlyForDeploymentPostprocessing = 1;
		};
/* End PBXCopyFilesBuildPhase section */

/* Begin PBXFileReference section */
		A67A1FCD20DF2FFE00A92915 /* #include <stdio.h> #include <stdlib.h>  #define OK 1 #define ERROR 0 #define TRUE 1 #define FALSE 0  typedef int ElemType; SLinkList */ = {isa = PBXFileReference; explicitFileType = "compiled.mach-o.executable"; includeInIndex = 0; path = "#include <stdio.h> #include <stdlib.h>  #define OK 1 #define ERROR 0 #define TRUE 1 #define FALSE 0  typedef int ElemType; SLinkList"; sourceTree = BUILT_PRODUCTS_DIR; };
		A67A1FD020DF2FFE00A92915 /* main.c */ = {isa = PBXFileReference; lastKnownFileType = sourcecode.c.c; path = main.c; sourceTree = "<group>"; };
/* End PBXFileReference section */

/* Begin PBXFrameworksBuildPhase section */
		A67A1FCA20DF2FFE00A92915 /* Frameworks */ = {
			isa = PBXFrameworksBuildPhase;
			buildActionMask = 2147483647;
			files = (
			);
			runOnlyForDeploymentPostprocessing = 0;
		};
/* End PBXFrameworksBuildPhase section */

/* Begin PBXGroup section */
		A67A1FC420DF2FFE00A92915 = {
			isa = PBXGroup;
			children = (
				A67A1FCF20DF2FFE00A92915 /* #include <stdio.h> #include <stdlib.h>  #define OK 1 #define ERROR 0 #define TRUE 1 #define FALSE 0  typedef int ElemType; SLinkList */,
				A67A1FCE20DF2FFE00A92915 /* Products */,
			);
			sourceTree = "<group>";
		};
		A67A1FCE20DF2FFE00A92915 /* Products */ = {
			isa = PBXGroup;
			children = (
				A67A1FCD20DF2FFE00A92915 /* #include <stdio.h> #include <stdlib.h>  #define OK 1 #define ERROR 0 #define TRUE 1 #define FALSE 0  typedef int ElemType; SLinkList */,
			);
			name = Products;
			sourceTree = "<group>";
		};
		A67A1FCF20DF2FFE00A92915 /* #include <stdio.h> #include <stdlib.h>  #define OK 1 #define ERROR 0 #define TRUE 1 #define FALSE 0  typedef int ElemType; SLinkList */ = {
			isa = PBXGroup;
			children = (
				A67A1FD020DF2FFE00A92915 /* main.c */,
			);
			path = "#include <stdio.h> #include <stdlib.h>  #define OK 1 #define ERROR 0 #define TRUE 1 #define FALSE 0  typedef int ElemType; SLinkList";
			sourceTree = "<group>";
		};
/* End PBXGroup section */

/* Begin PBXNativeTarget section */
		A67A1FCC20DF2FFE00A92915 /* #include <stdio.h> #include <stdlib.h>  #define OK 1 #define ERROR 0 #define TRUE 1 #define FALSE 0  typedef int ElemType; SLinkList */ = {
			isa = PBXNativeTarget;
			buildConfigurationList = A67A1FD420DF2FFE00A92915 /* Build configuration list for PBXNativeTarget "#include <stdio.h> #include <stdlib.h>  #define OK 1 #define ERROR 0 #define TRUE 1 #define FALSE 0  typedef int ElemType; SLinkList" */;
			buildPhases = (
				A67A1FC920DF2FFE00A92915 /* Sources */,
				A67A1FCA20DF2FFE00A92915 /* Frameworks */,
				A67A1FCB20DF2FFE00A92915 /* CopyFiles */,
			);
			buildRules = (
			);
			dependencies = (
			);
			name = "#include <stdio.h> #include <stdlib.h>  #define OK 1 #define ERROR 0 #define TRUE 1 #define FALSE 0  typedef int ElemType; SLinkList";
			productName = "#include <stdio.h> #include <stdlib.h>  #define OK 1 #define ERROR 0 #define TRUE 1 #define FALSE 0  typedef int ElemType; SLinkList";
			productReference = A67A1FCD20DF2FFE00A92915 /* #include <stdio.h> #include <stdlib.h>  #define OK 1 #define ERROR 0 #define TRUE 1 #define FALSE 0  typedef int ElemType; SLinkList */;
			productType = "com.apple.product-type.tool";
		};
/* End PBXNativeTarget section */

/* Begin PBXProject section */
		A67A1FC520DF2FFE00A92915 /* Project object */ = {
			isa = PBXProject;
			attributes = {
				LastUpgradeCheck = 0900;
				ORGANIZATIONNAME = Shuiyouwen;
				TargetAttributes = {
					A67A1FCC20DF2FFE00A92915 = {
						CreatedOnToolsVersion = 9.0;
						ProvisioningStyle = Automatic;
					};
				};
			};
			buildConfigurationList = A67A1FC820DF2FFE00A92915 /* Build configuration list for PBXProject "#include <stdio.h> #include <stdlib.h>  #define OK 1 #define ERROR 0 #define TRUE 1 #define FALSE 0  typedef int ElemType; SLinkList" */;
			compatibilityVersion = "Xcode 8.0";
			developmentRegion = en;
			hasScannedForEncodings = 0;
			knownRegions = (
				en,
			);
			mainGroup = A67A1FC420DF2FFE00A92915;
			productRefGroup = A67A1FCE20DF2FFE00A92915 /* Products */;
			projectDirPath = "";
			projectRoot = "";
			targets = (
				A67A1FCC20DF2FFE00A92915 /* #include <stdio.h> #include <stdlib.h>  #define OK 1 #define ERROR 0 #define TRUE 1 #define FALSE 0  typedef int ElemType; SLinkList */,
			);
		};
/* End PBXProject section */

/* Begin PBXSourcesBuildPhase section */
		A67A1FC920DF2FFE00A92915 /* Sources */ = {
			isa = PBXSourcesBuildPhase;
			buildActionMask = 2147483647;
			files = (
				A67A1FD120DF2FFE00A92915 /* main.c in Sources */,
			);
			runOnlyForDeploymentPostprocessing = 0;
		};
/* End PBXSourcesBuildPhase section */

/* Begin XCBuildConfiguration section */
		A67A1FD220DF2FFE00A92915 /* Debug */ = {
			isa = XCBuildConfiguration;
			buildSettings = {
				ALWAYS_SEARCH_USER_PATHS = NO;
				CLANG_ANALYZER_NONNULL = YES;
				CLANG_ANALYZER_NUMBER_OBJECT_CONVERSION = YES_AGGRESSIVE;
				CLANG_CXX_LANGUAGE_STANDARD = "gnu++14";
				CLANG_CXX_LIBRARY = "libc++";
				CLANG_ENABLE_MODULES = YES;
				CLANG_ENABLE_OBJC_ARC = YES;
				CLANG_WARN_BLOCK_CAPTURE_AUTORELEASING = YES;
				CLANG_WARN_BOOL_CONVERSION = YES;
				CLANG_WARN_COMMA = YES;
				CLANG_WARN_CONSTANT_CONVERSION = YES;
				CLANG_WARN_DIRECT_OBJC_ISA_USAGE = YES_ERROR;
				CLANG_WARN_DOCUMENTATION_COMMENTS = YES;
				CLANG_WARN_EMPTY_BODY = YES;
				CLANG_WARN_ENUM_CONVERSION = YES;
				CLANG_WARN_INFINITE_RECURSION = YES;
				CLANG_WARN_INT_CONVERSION = YES;
				CLANG_WARN_NON_LITERAL_NULL_CONVERSION = YES;
				CLANG_WARN_OBJC_LITERAL_CONVERSION = YES;
				CLANG_WARN_OBJC_ROOT_CLASS = YES_ERROR;
				CLANG_WARN_RANGE_LOOP_ANALYSIS = YES;
				CLANG_WARN_STRICT_PROTOTYPES = YES;
				CLANG_WARN_SUSPICIOUS_MOVE = YES;
				CLANG_WARN_UNGUARDED_AVAILABILITY = YES_AGGRESSIVE;
				CLANG_WARN_UNREACHABLE_CODE = YES;
				CLANG_WARN__DUPLICATE_METHOD_MATCH = YES;
				CODE_SIGN_IDENTITY = "-";
				COPY_PHASE_STRIP = NO;
				DEBUG_INFORMATION_FORMAT = dwarf;
				ENABLE_STRICT_OBJC_MSGSEND = YES;
				ENABLE_TESTABILITY = YES;
				GCC_C_LANGUAGE_STANDARD = gnu11;
				GCC_DYNAMIC_NO_PIC = NO;
				GCC_NO_COMMON_BLOCKS = YES;
				GCC_OPTIMIZATION_LEVEL = 0;
				GCC_PREPROCESSOR_DEFINITIONS = (
					"DEBUG=1",
					"$(inherited)",
				);
				GCC_WARN_64_TO_32_BIT_CONVERSION = YES;
				GCC_WARN_ABOUT_RETURN_TYPE = YES_ERROR;
				GCC_WARN_UNDECLARED_SELECTOR = YES;
				GCC_WARN_UNINITIALIZED_AUTOS = YES_AGGRESSIVE;
				GCC_WARN_UNUSED_FUNCTION = YES;
				GCC_WARN_UNUSED_VARIABLE = YES;
				MACOSX_DEPLOYMENT_TARGET = 10.13;
				MTL_ENABLE_DEBUG_INFO = YES;
				ONLY_ACTIVE_ARCH = YES;
				SDKROOT = macosx;
			};
			name = Debug;
		};
		A67A1FD320DF2FFE00A92915 /* Release */ = {
			isa = XCBuildConfiguration;
			buildSettings = {
				ALWAYS_SEARCH_USER_PATHS = NO;
				CLANG_ANALYZER_NONNULL = YES;
				CLANG_ANALYZER_NUMBER_OBJECT_CONVERSION = YES_AGGRESSIVE;
				CLANG_CXX_LANGUAGE_STANDARD = "gnu++14";
				CLANG_CXX_LIBRARY = "libc++";
				CLANG_ENABLE_MODULES = YES;
				CLANG_ENABLE_OBJC_ARC = YES;
				CLANG_WARN_BLOCK_CAPTURE_AUTORELEASING = YES;
				CLANG_WARN_BOOL_CONVERSION = YES;
				CLANG_WARN_COMMA = YES;
				CLANG_WARN_CONSTANT_CONVERSION = YES;
				CLANG_WARN_DIRECT_OBJC_ISA_USAGE = YES_ERROR;
				CLANG_WARN_DOCUMENTATION_COMMENTS = YES;
				CLANG_WARN_EMPTY_BODY = YES;
				CLANG_WARN_ENUM_CONVERSION = YES;
				CLANG_WARN_INFINITE_RECURSION = YES;
				CLANG_WARN_INT_CONVERSION = YES;
				CLANG_WARN_NON_LITERAL_NULL_CONVERSION = YES;
				CLANG_WARN_OBJC_LITERAL_CONVERSION = YES;
				CLANG_WARN_OBJC_ROOT_CLASS = YES_ERROR;
				CLANG_WARN_RANGE_LOOP_ANALYSIS = YES;
				CLANG_WARN_STRICT_PROTOTYPES = YES;
				CLANG_WARN_SUSPICIOUS_MOVE = YES;
				CLANG_WARN_UNGUARDED_AVAILABILITY = YES_AGGRESSIVE;
				CLANG_WARN_UNREACHABLE_CODE = YES;
				CLANG_WARN__DUPLICATE_METHOD_MATCH = YES;
				CODE_SIGN_IDENTITY = "-";
				COPY_PHASE_STRIP = NO;
				DEBUG_INFORMATION_FORMAT = "dwarf-with-dsym";
				ENABLE_NS_ASSERTIONS = NO;
				ENABLE_STRICT_OBJC_MSGSEND = YES;
				GCC_C_LANGUAGE_STANDARD = gnu11;
				GCC_NO_COMMON_BLOCKS = YES;
				GCC_WARN_64_TO_32_BIT_CONVERSION = YES;
				GCC_WARN_ABOUT_RETURN_TYPE = YES_ERROR;
				GCC_WARN_UNDECLARED_SELECTOR = YES;
				GCC_WARN_UNINITIALIZED_AUTOS = YES_AGGRESSIVE;
				GCC_WARN_UNUSED_FUNCTION = YES;
				GCC_WARN_UNUSED_VARIABLE = YES;
				MACOSX_DEPLOYMENT_TARGET = 10.13;
				MTL_ENABLE_DEBUG_INFO = NO;
				SDKROOT = macosx;
			};
			name = Release;
		};
		A67A1FD520DF2FFE00A92915 /* Debug */ = {
			isa = XCBuildConfiguration;
			buildSettings = {
				CODE_SIGN_STYLE = Automatic;
				PRODUCT_NAME = "$(TARGET_NAME)";
			};
			name = Debug;
		};
		A67A1FD620DF2FFE00A92915 /* Release */ = {
			isa = XCBuildConfiguration;
			buildSettings = {
				CODE_SIGN_STYLE = Automatic;
				PRODUCT_NAME = "$(TARGET_NAME)";
			};
			name = Release;
		};
/* End XCBuildConfiguration section */

/* Begin XCConfigurationList section */
		A67A1FC820DF2FFE00A92915 /* Build configuration list for PBXProject "#include <stdio.h> #include <stdlib.h>  #define OK 1 #define ERROR 0 #define TRUE 1 #define FALSE 0  typedef int ElemType; SLinkList" */ = {
			isa = XCConfigurationList;
			buildConfigurations = (
				A67A1FD220DF2FFE00A92915 /* Debug */,
				A67A1FD320DF2FFE00A92915 /* Release */,
			);
			defaultConfigurationIsVisible = 0;
			defaultConfigurationName = Release;
		};
		A67A1FD420DF2FFE00A92915 /* Build configuration list for PBXNativeTarget "#include <stdio.h> #include <stdlib.h>  #define OK 1 #define ERROR 0 #define TRUE 1 #define FALSE 0  typedef int ElemType; SLinkList" */ = {
			isa = XCConfigurationList;
			buildConfigurations = (
				A67A1FD520DF2FFE00A92915 /* Debug */,
				A67A1FD620DF2FFE00A92915 /* Release */,
			);
			defaultConfigurationIsVisible = 0;
			defaultConfigurationName = Release;
		};
/* End XCConfigurationList section */
	};
	rootObject = A67A1FC520DF2FFE00A92915 /* Project object */;
}
